<Solution>
  <Project Path="formRegistro/formRegistro.csproj" Id="082141ee-4cab-43b9-81c0-17de92f69610" />
  <Project Path="Multiplicación_con_decimales/Multiplicación_con_decimales.csproj" Id="8a0c9763-5798-4835-9cab-6903810ee728" />
  <Project Path="suma_dos_numeros_ingresados/suma_dos_numeros_ingresados.csproj" Id="12e5001c-e88a-4d05-a42d-39be1f0cad79" />
  <Project Path="unidad2/unidad2.csproj" Id="142d5528-9331-4831-91c6-8bf213c36fea" />
</Solution>
